
Microsoft Visual Studio Solution File, Format Version 12.00
# Visual Studio Version 17
VisualStudioVersion = 17.14.36616.10 d17.14
MinimumVisualStudioVersion = 10.0.40219.1
Project("{FAE04EC0-301F-11D3-BF4B-00C04F79EFBC}") = "Ejer1", "Ejer1\Ejer1.csproj", "{293CA1CD-9407-4DE0-BAAD-64241F2E2E55}"
EndProject
Global
	GlobalSection(SolutionConfigurationPlatforms) = preSolution
		Debug|Any CPU = Debug|Any CPU
		Release|Any CPU = Release|Any CPU
	EndGlobalSection
	GlobalSection(ProjectConfigurationPlatforms) = postSolution
		{293CA1CD-9407-4DE0-BAAD-64241F2E2E55}.Debug|Any CPU.ActiveCfg = Debug|Any CPU
		{293CA1CD-9407-4DE0-BAAD-64241F2E2E55}.Debug|Any CPU.Build.0 = Debug|Any CPU
		{293CA1CD-9407-4DE0-BAAD-64241F2E2E55}.Release|Any CPU.ActiveCfg = Release|Any CPU
		{293CA1CD-9407-4DE0-BAAD-64241F2E2E55}.Release|Any CPU.Build.0 = Release|Any CPU
	EndGlobalSection
	GlobalSection(SolutionProperties) = preSolution
		HideSolutionNode = FALSE
	EndGlobalSection
	GlobalSection(ExtensibilityGlobals) = postSolution
		SolutionGuid = {84D25F54-05B8-4912-8CE3-A028E2810E31}
	EndGlobalSection
EndGlobal
