
Microsoft Visual Studio Solution File, Format Version 12.00
# Visual Studio Version 17
VisualStudioVersion = 17.14.36616.10 d17.14
MinimumVisualStudioVersion = 10.0.40219.1
Project("{FAE04EC0-301F-11D3-BF4B-00C04F79EFBC}") = "Ejer2", "Ejer2\Ejer2.csproj", "{580EE369-7A66-46A3-AA25-1DC1EA2E97BB}"
EndProject
Global
	GlobalSection(SolutionConfigurationPlatforms) = preSolution
		Debug|Any CPU = Debug|Any CPU
		Release|Any CPU = Release|Any CPU
	EndGlobalSection
	GlobalSection(ProjectConfigurationPlatforms) = postSolution
		{580EE369-7A66-46A3-AA25-1DC1EA2E97BB}.Debug|Any CPU.ActiveCfg = Debug|Any CPU
		{580EE369-7A66-46A3-AA25-1DC1EA2E97BB}.Debug|Any CPU.Build.0 = Debug|Any CPU
		{580EE369-7A66-46A3-AA25-1DC1EA2E97BB}.Release|Any CPU.ActiveCfg = Release|Any CPU
		{580EE369-7A66-46A3-AA25-1DC1EA2E97BB}.Release|Any CPU.Build.0 = Release|Any CPU
	EndGlobalSection
	GlobalSection(SolutionProperties) = preSolution
		HideSolutionNode = FALSE
	EndGlobalSection
	GlobalSection(ExtensibilityGlobals) = postSolution
		SolutionGuid = {6757DF56-E347-47DC-BE33-E6F967BBD69B}
	EndGlobalSection
EndGlobal
